{
  "name": "websoc-api",
  "version": "1.0.0",
  "lockfileVersion": 1,
  "requires": true,
  "dependencies": {
    "base64-js": {
      "version": "1.3.1",
      "resolved": "https://registry.npmjs.org/base64-js/-/base64-js-1.3.1.tgz",
      "integrity": "sha512-mLQ4i2QO1ytvGWFWmcngKO//JXAQueZvwEKtjgQFM4jIK0kU+ytMfplL8j+n5mspOfjHwoAg+9yhb7BwAHm36g=="
    },
    "camaro": {
      "version": "6.0.2",
      "resolved": "https://registry.npmjs.org/camaro/-/camaro-6.0.2.tgz",
      "integrity": "sha512-5iLxpsSLBAnkRqvu84pMsQ3bFspY2lJo4SSL5Z97nKsdzkDd/ocbgCoGVQc8aG/QK91hXY1y9ycRPLrUjmkglQ==",
      "requires": {
        "piscina": "^1.4.0"
      }
    },
    "eventemitter-asyncresource": {
      "version": "1.0.0",
      "resolved": "https://registry.npmjs.org/eventemitter-asyncresource/-/eventemitter-asyncresource-1.0.0.tgz",
      "integrity": "sha512-39F7TBIV0G7gTelxwbEqnwhp90eqCPON1k0NwNfwhgKn4Co4ybUbj2pECcXT0B3ztRKZ7Pw1JujUUgmQJHcVAQ=="
    },
    "hdr-histogram-js": {
      "version": "1.2.0",
      "resolved": "https://registry.npmjs.org/hdr-histogram-js/-/hdr-histogram-js-1.2.0.tgz",
      "integrity": "sha512-h0YToJ3ewqsaZ3nFTTa6dLOD7sqx+EgdC4+OcJ9Ou7zZDlT0sXSPHHr3cyenQsPqqbVHGn/oFY6zjfEKXGvzmQ==",
      "requires": {
        "base64-js": "^1.2.0",
        "pako": "^1.0.3"
      }
    },
    "hdr-histogram-percentiles-obj": {
      "version": "2.0.1",
      "resolved": "https://registry.npmjs.org/hdr-histogram-percentiles-obj/-/hdr-histogram-percentiles-obj-2.0.1.tgz",
      "integrity": "sha512-QBvbTxPlGwHj36IRF16XLoYEbUv5YEyO385kiS0IS3831fcSTNXTR785VtFFZ2ahY733z0ky8Jv4d6In+Ss+wQ==",
      "requires": {
        "hdr-histogram-js": "^1.0.0"
      }
    },
    "nice-napi": {
      "version": "1.0.2",
      "resolved": "https://registry.npmjs.org/nice-napi/-/nice-napi-1.0.2.tgz",
      "integrity": "sha512-px/KnJAJZf5RuBGcfD+Sp2pAKq0ytz8j+1NehvgIGFkvtvFrDM3T8E4x/JJODXK9WZow8RRGrbA9QQ3hs+pDhA==",
      "optional": true,
      "requires": {
        "node-addon-api": "^3.0.0",
        "node-gyp-build": "^4.2.2"
      }
    },
    "node-addon-api": {
      "version": "3.0.0",
      "resolved": "https://registry.npmjs.org/node-addon-api/-/node-addon-api-3.0.0.tgz",
      "integrity": "sha512-sSHCgWfJ+Lui/u+0msF3oyCgvdkhxDbkCS6Q8uiJquzOimkJBvX6hl5aSSA7DR1XbMpdM8r7phjcF63sF4rkKg==",
      "optional": true
    },
    "node-fetch": {
      "version": "2.6.1",
      "resolved": "https://registry.npmjs.org/node-fetch/-/node-fetch-2.6.1.tgz",
      "integrity": "sha512-V4aYg89jEoVRxRb2fJdAg8FHvI7cEyYdVAh94HH0UIK8oJxUfkjlDQN9RbMx+bEjP7+ggMiFRprSti032Oipxw=="
    },
    "node-gyp-build": {
      "version": "4.2.2",
      "resolved": "https://registry.npmjs.org/node-gyp-build/-/node-gyp-build-4.2.2.tgz",
      "integrity": "sha512-Lqh7mrByWCM8Cf9UPqpeoVBBo5Ugx+RKu885GAzmLBVYjeywScxHXPGLa4JfYNZmcNGwzR0Glu5/9GaQZMFqyA==",
      "optional": true
    },
    "pako": {
      "version": "1.0.11",
      "resolved": "https://registry.npmjs.org/pako/-/pako-1.0.11.tgz",
      "integrity": "sha512-4hLB8Py4zZce5s4yd9XzopqwVv/yGNhV1Bl8NTmCq1763HeK2+EwVTv+leGeL13Dnh2wfbqowVPXCIO0z4taYw=="
    },
    "piscina": {
      "version": "1.6.2",
      "resolved": "https://registry.npmjs.org/piscina/-/piscina-1.6.2.tgz",
      "integrity": "sha512-4HPe+BXAzurOEcs3dGtDRocy09Gfly/aPLj3gyYz47B8DnLwokyvWlHDekLM1lqyfUYpZ4VUQc3iduj8BFQlCw==",
      "requires": {
        "eventemitter-asyncresource": "^1.0.0",
        "hdr-histogram-js": "^1.2.0",
        "hdr-histogram-percentiles-obj": "^2.0.1",
        "nice-napi": "^1.0.2"
      }
    }
  }
}
